{
  "requires": true,
  "lockfileVersion": 1,
  "dependencies": {
    "@babel/runtime-corejs2": {
      "version": "7.12.5",
      "resolved": "https://prekarilabs.jfrog.io/prekarilabs/api/npm/npm/@babel/runtime-corejs2/-/runtime-corejs2-7.12.5.tgz",
      "integrity": "sha1-OC7DjwgmNl6WEY4ouBJJwcYbrOM=",
      "requires": {
        "core-js": "^2.6.5",
        "regenerator-runtime": "^0.13.4"
      }
    },
    "@material/animation": {
      "version": "6.0.0",
      "resolved": "https://prekarilabs.jfrog.io/prekarilabs/api/npm/npm/@material/animation/-/animation-6.0.0.tgz",
      "integrity": "sha1-7IyL1I4Gm7Nbtqp22UT4nTXMdPo=",
      "requires": {
        "tslib": "^1.9.3"
      }
    },
    "@material/auto-init": {
      "version": "6.0.0",
      "resolved": "https://prekarilabs.jfrog.io/prekarilabs/api/npm/npm/@material/auto-init/-/auto-init-6.0.0.tgz",
      "integrity": "sha1-Vu/Gif4AN5dBB3+aFcbjdhRHk6k=",
      "requires": {
        "@material/base": "^6.0.0",
        "tslib": "^1.9.3"
      }
    },
    "@material/base": {
      "version": "6.0.0",
      "resolved": "https://prekarilabs.jfrog.io/prekarilabs/api/npm/npm/@material/base/-/base-6.0.0.tgz",
      "integrity": "sha1-4SCPnoOk6NjE4XdF2ckJqkqtpiU=",
      "requires": {
        "tslib": "^1.9.3"
      }
    },
    "@material/button": {
      "version": "6.0.0",
      "resolved": "https://prekarilabs.jfrog.io/prekarilabs/api/npm/npm/@material/button/-/button-6.0.0.tgz",
      "integrity": "sha1-PdZBM2AwiWxAfvMPGoVa3MsmzQE=",
      "requires": {
        "@material/density": "^6.0.0",
        "@material/elevation": "^6.0.0",
        "@material/feature-targeting": "^6.0.0",
        "@material/ripple": "^6.0.0",
        "@material/rtl": "^6.0.0",
        "@material/shape": "^6.0.0",
        "@material/theme": "^6.0.0",
        "@material/touch-target": "^6.0.0",
        "@material/typography": "^6.0.0"
      }
    },
    "@material/card": {
      "version": "6.0.0",
      "resolved": "https://prekarilabs.jfrog.io/prekarilabs/api/npm/npm/@material/card/-/card-6.0.0.tgz",
      "integrity": "sha1-muoG7TORQ9OYJ4N6rSY1dRw8Y7I=",
      "requires": {
        "@material/elevation": "^6.0.0",
        "@material/feature-targeting": "^6.0.0",
        "@material/ripple": "^6.0.0",
        "@material/rtl": "^6.0.0",
        "@material/shape": "^6.0.0",
        "@material/theme": "^6.0.0"
      }
    },
    "@material/checkbox": {
      "version": "6.0.0",
      "resolved": "https://prekarilabs.jfrog.io/prekarilabs/api/npm/npm/@material/checkbox/-/checkbox-6.0.0.tgz",
      "integrity": "sha1-DhIsctmx/H0pDOxrn3j0CzO9PcY=",
      "requires": {
        "@material/animation": "^6.0.0",
        "@material/base": "^6.0.0",
        "@material/density": "^6.0.0",
        "@material/dom": "^6.0.0",
        "@material/feature-targeting": "^6.0.0",
        "@material/ripple": "^6.0.0",
        "@material/theme": "^6.0.0",
        "@material/touch-target": "^6.0.0",
        "tslib": "^1.9.3"
      }
    },
    "@material/chips": {
      "version": "6.0.0",
      "resolved": "https://prekarilabs.jfrog.io/prekarilabs/api/npm/npm/@material/chips/-/chips-6.0.0.tgz",
      "integrity": "sha1-tgoNV2fKNL+FKYg+R9qPdq7vRPo=",
      "requires": {
        "@material/animation": "^6.0.0",
        "@material/base": "^6.0.0",
        "@material/checkbox": "^6.0.0",
        "@material/density": "^6.0.0",
        "@material/dom": "^6.0.0",
        "@material/elevation": "^6.0.0",
        "@material/feature-targeting": "^6.0.0",
        "@material/ripple": "^6.0.0",
        "@material/rtl": "^6.0.0",
        "@material/shape": "^6.0.0",
        "@material/theme": "^6.0.0",
        "@material/touch-target": "^6.0.0",
        "@material/typography": "^6.0.0",
        "tslib": "^1.9.3"
      }
    },
    "@material/circular-progress": {
      "version": "6.0.0",
      "resolved": "https://prekarilabs.jfrog.io/prekarilabs/api/npm/npm/@material/circular-progress/-/circular-progress-6.0.0.tgz",
      "integrity": "sha1-NxD77Qcv61QyeZZ9nnYf60rBu/8=",
      "requires": {
        "@material/animation": "^6.0.0",
        "@material/base": "^6.0.0",
        "@material/feature-targeting": "^6.0.0",
        "@material/progress-indicator": "^6.0.0",
        "@material/theme": "^6.0.0",
        "tslib": "^1.9.3"
      }
    },
    "@material/data-table": {
      "version": "6.0.0",
      "resolved": "https://prekarilabs.jfrog.io/prekarilabs/api/npm/npm/@material/data-table/-/data-table-6.0.0.tgz",
      "integrity": "sha1-KxepfYsQb7SdwmAGxR8kLUG4aDc=",
      "requires": {
        "@material/animation": "^6.0.0",
        "@material/base": "^6.0.0",
        "@material/checkbox": "^6.0.0",
        "@material/density": "^6.0.0",
        "@material/dom": "^6.0.0",
        "@material/elevation": "^6.0.0",
        "@material/feature-targeting": "^6.0.0",
        "@material/icon-button": "^6.0.0",
        "@material/rtl": "^6.0.0",
        "@material/shape": "^6.0.0",
        "@material/theme": "^6.0.0",
        "@material/typography": "^6.0.0",
        "tslib": "^1.10.0"
      }
    },
    "@material/density": {
      "version": "6.0.0",
      "resolved": "https://prekarilabs.jfrog.io/prekarilabs/api/npm/npm/@material/density/-/density-6.0.0.tgz",
      "integrity": "sha1-lzHZuYH5tf2SeAgSyDgvFEuiSU0="
    },
    "@material/dialog": {
      "version": "6.0.0",
      "resolved": "https://prekarilabs.jfrog.io/prekarilabs/api/npm/npm/@material/dialog/-/dialog-6.0.0.tgz",
      "integrity": "sha1-gg2Rq/nW9KV+fKp1FitW+R6JW4g=",
      "requires": {
        "@material/animation": "^6.0.0",
        "@material/base": "^6.0.0",
        "@material/button": "^6.0.0",
        "@material/dom": "^6.0.0",
        "@material/elevation": "^6.0.0",
        "@material/feature-targeting": "^6.0.0",
        "@material/ripple": "^6.0.0",
        "@material/rtl": "^6.0.0",
        "@material/shape": "^6.0.0",
        "@material/theme": "^6.0.0",
        "@material/touch-target": "^6.0.0",
        "@material/typography": "^6.0.0",
        "tslib": "^1.9.3"
      }
    },
    "@material/dom": {
      "version": "6.0.0",
      "resolved": "https://prekarilabs.jfrog.io/prekarilabs/api/npm/npm/@material/dom/-/dom-6.0.0.tgz",
      "integrity": "sha1-T1mZO2W8GSH2gNW16xwf8ISCPdo=",
      "requires": {
        "@material/feature-targeting": "^6.0.0",
        "tslib": "^1.9.3"
      }
    },
    "@material/drawer": {
      "version": "6.0.0",
      "resolved": "https://prekarilabs.jfrog.io/prekarilabs/api/npm/npm/@material/drawer/-/drawer-6.0.0.tgz",
      "integrity": "sha1-Sy1CeVP6ILKrpBfjdYF9ItTCgyE=",
      "requires": {
        "@material/animation": "^6.0.0",
        "@material/base": "^6.0.0",
        "@material/dom": "^6.0.0",
        "@material/elevation": "^6.0.0",
        "@material/feature-targeting": "^6.0.0",
        "@material/list": "^6.0.0",
        "@material/ripple": "^6.0.0",
        "@material/rtl": "^6.0.0",
        "@material/shape": "^6.0.0",
        "@material/theme": "^6.0.0",
        "@material/typography": "^6.0.0",
        "tslib": "^1.9.3"
      }
    },
    "@material/elevation": {
      "version": "6.0.0",
      "resolved": "https://prekarilabs.jfrog.io/prekarilabs/api/npm/npm/@material/elevation/-/elevation-6.0.0.tgz",
      "integrity": "sha1-nr98RCJh4cWeHmrwQkoLBlFeB98=",
      "requires": {
        "@material/animation": "^6.0.0",
        "@material/base": "^6.0.0",
        "@material/feature-targeting": "^6.0.0",
        "@material/theme": "^6.0.0"
      }
    },
    "@material/fab": {
      "version": "6.0.0",
      "resolved": "https://prekarilabs.jfrog.io/prekarilabs/api/npm/npm/@material/fab/-/fab-6.0.0.tgz",
      "integrity": "sha1-hA1DCzYMDeOoRm1bSgvk6fnrZl4=",
      "requires": {
        "@material/animation": "^6.0.0",
        "@material/dom": "^6.0.0",
        "@material/elevation": "^6.0.0",
        "@material/feature-targeting": "^6.0.0",
        "@material/ripple": "^6.0.0",
        "@material/rtl": "^6.0.0",
        "@material/shape": "^6.0.0",
        "@material/theme": "^6.0.0",
        "@material/touch-target": "^6.0.0",
        "@material/typography": "^6.0.0"
      }
    },
    "@material/feature-targeting": {
      "version": "6.0.0",
      "resolved": "https://prekarilabs.jfrog.io/prekarilabs/api/npm/npm/@material/feature-targeting/-/feature-targeting-6.0.0.tgz",
      "integrity": "sha1-jc/EcPPFuMfhvAS7hrBipkD/A6A="
    },
    "@material/floating-label": {
      "version": "6.0.0",
      "resolved": "https://prekarilabs.jfrog.io/prekarilabs/api/npm/npm/@material/floating-label/-/floating-label-6.0.0.tgz",
      "integrity": "sha1-9dACDEUtKqR0fL7I6ZLrklhJjyU=",
      "requires": {
        "@material/animation": "^6.0.0",
        "@material/base": "^6.0.0",
        "@material/dom": "^6.0.0",
        "@material/feature-targeting": "^6.0.0",
        "@material/rtl": "^6.0.0",
        "@material/theme": "^6.0.0",
        "@material/typography": "^6.0.0",
        "tslib": "^1.9.3"
      }
    },
    "@material/form-field": {
      "version": "6.0.0",
      "resolved": "https://prekarilabs.jfrog.io/prekarilabs/api/npm/npm/@material/form-field/-/form-field-6.0.0.tgz",
      "integrity": "sha1-qUaHz44rAUxqEx5wS71zogGqBYs=",
      "requires": {
        "@material/base": "^6.0.0",
        "@material/feature-targeting": "^6.0.0",
        "@material/ripple": "^6.0.0",
        "@material/rtl": "^6.0.0",
        "@material/theme": "^6.0.0",
        "@material/typography": "^6.0.0",
        "tslib": "^1.9.3"
      }
    },
    "@material/icon-button": {
      "version": "6.0.0",
      "resolved": "https://prekarilabs.jfrog.io/prekarilabs/api/npm/npm/@material/icon-button/-/icon-button-6.0.0.tgz",
      "integrity": "sha1-dpwPvJCSClxNz8UshmWtguLBmwc=",
      "requires": {
        "@material/base": "^6.0.0",
        "@material/density": "^6.0.0",
        "@material/feature-targeting": "^6.0.0",
        "@material/ripple": "^6.0.0",
        "@material/rtl": "^6.0.0",
        "@material/theme": "^6.0.0",
        "tslib": "^1.9.3"
      }
    },
    "@material/image-list": {
      "version": "6.0.0",
      "resolved": "https://prekarilabs.jfrog.io/prekarilabs/api/npm/npm/@material/image-list/-/image-list-6.0.0.tgz",
      "integrity": "sha1-ihuKbTZ3S90PVV1nPWljdijD8EA=",
      "requires": {
        "@material/feature-targeting": "^6.0.0",
        "@material/shape": "^6.0.0",
        "@material/theme": "^6.0.0",
        "@material/typography": "^6.0.0"
      }
    },
    "@material/layout-grid": {
      "version": "6.0.0",
      "resolved": "https://prekarilabs.jfrog.io/prekarilabs/api/npm/npm/@material/layout-grid/-/layout-grid-6.0.0.tgz",
      "integrity": "sha1-W1zUA8lxfby3RyWNihl2CHrNZd8="
    },
    "@material/line-ripple": {
      "version": "6.0.0",
      "resolved": "https://prekarilabs.jfrog.io/prekarilabs/api/npm/npm/@material/line-ripple/-/line-ripple-6.0.0.tgz",
      "integrity": "sha1-aXrRbryAbPauQEQQaUd2ntEIvzI=",
      "requires": {
        "@material/animation": "^6.0.0",
        "@material/base": "^6.0.0",
        "@material/feature-targeting": "^6.0.0",
        "@material/theme": "^6.0.0",
        "tslib": "^1.9.3"
      }
    },
    "@material/linear-progress": {
      "version": "6.0.0",
      "resolved": "https://prekarilabs.jfrog.io/prekarilabs/api/npm/npm/@material/linear-progress/-/linear-progress-6.0.0.tgz",
      "integrity": "sha1-wNAjLXx+Dri6A8pEmWL0dEYbRgI=",
      "requires": {
        "@material/animation": "^6.0.0",
        "@material/base": "^6.0.0",
        "@material/feature-targeting": "^6.0.0",
        "@material/progress-indicator": "^6.0.0",
        "@material/theme": "^6.0.0",
        "tslib": "^1.9.3"
      }
    },
    "@material/list": {
      "version": "6.0.0",
      "resolved": "https://prekarilabs.jfrog.io/prekarilabs/api/npm/npm/@material/list/-/list-6.0.0.tgz",
      "integrity": "sha1-xsotUVkw5E+vUYwU99CH84MLtBo=",
      "requires": {
        "@material/base": "^6.0.0",
        "@material/density": "^6.0.0",
        "@material/dom": "^6.0.0",
        "@material/feature-targeting": "^6.0.0",
        "@material/ripple": "^6.0.0",
        "@material/rtl": "^6.0.0",
        "@material/shape": "^6.0.0",
        "@material/theme": "^6.0.0",
        "@material/typography": "^6.0.0",
        "tslib": "^1.9.3"
      }
    },
    "@material/menu": {
      "version": "6.0.0",
      "resolved": "https://prekarilabs.jfrog.io/prekarilabs/api/npm/npm/@material/menu/-/menu-6.0.0.tgz",
      "integrity": "sha1-96xXUQNWO+qYtBxYg64TL/FMLzs=",
      "requires": {
        "@material/base": "^6.0.0",
        "@material/dom": "^6.0.0",
        "@material/elevation": "^6.0.0",
        "@material/feature-targeting": "^6.0.0",
        "@material/list": "^6.0.0",
        "@material/menu-surface": "^6.0.0",
        "@material/ripple": "^6.0.0",
        "@material/rtl": "^6.0.0",
        "@material/theme": "^6.0.0",
        "tslib": "^1.9.3"
      }
    },
    "@material/menu-surface": {
      "version": "6.0.0",
      "resolved": "https://prekarilabs.jfrog.io/prekarilabs/api/npm/npm/@material/menu-surface/-/menu-surface-6.0.0.tgz",
      "integrity": "sha1-qpnl7L4RimJMZRV4BPwBgjzA58I=",
      "requires": {
        "@material/animation": "^6.0.0",
        "@material/base": "^6.0.0",
        "@material/elevation": "^6.0.0",
        "@material/feature-targeting": "^6.0.0",
        "@material/rtl": "^6.0.0",
        "@material/shape": "^6.0.0",
        "@material/theme": "^6.0.0",
        "tslib": "^1.9.3"
      }
    },
    "@material/notched-outline": {
      "version": "6.0.0",
      "resolved": "https://prekarilabs.jfrog.io/prekarilabs/api/npm/npm/@material/notched-outline/-/notched-outline-6.0.0.tgz",
      "integrity": "sha1-ZOBYcrDHr3VyR0OAqCHDNBzlP+4=",
      "requires": {
        "@material/base": "^6.0.0",
        "@material/feature-targeting": "^6.0.0",
        "@material/floating-label": "^6.0.0",
        "@material/rtl": "^6.0.0",
        "@material/shape": "^6.0.0",
        "@material/theme": "^6.0.0",
        "tslib": "^1.9.3"
      }
    },
    "@material/progress-indicator": {
      "version": "6.0.0",
      "resolved": "https://prekarilabs.jfrog.io/prekarilabs/api/npm/npm/@material/progress-indicator/-/progress-indicator-6.0.0.tgz",
      "integrity": "sha1-Ja837v9HpmXv+61jqNH2Qh2QBMk=",
      "requires": {
        "tslib": "^1.9.3"
      }
    },
    "@material/radio": {
      "version": "6.0.0",
      "resolved": "https://prekarilabs.jfrog.io/prekarilabs/api/npm/npm/@material/radio/-/radio-6.0.0.tgz",
      "integrity": "sha1-LiZt7ALJB1d+q8gTDLmVqkWo+wA=",
      "requires": {
        "@material/animation": "^6.0.0",
        "@material/base": "^6.0.0",
        "@material/density": "^6.0.0",
        "@material/dom": "^6.0.0",
        "@material/feature-targeting": "^6.0.0",
        "@material/ripple": "^6.0.0",
        "@material/theme": "^6.0.0",
        "@material/touch-target": "^6.0.0",
        "tslib": "^1.9.3"
      }
    },
    "@material/ripple": {
      "version": "6.0.0",
      "resolved": "https://prekarilabs.jfrog.io/prekarilabs/api/npm/npm/@material/ripple/-/ripple-6.0.0.tgz",
      "integrity": "sha1-l+CLecqdY/3CqTg/R1dvygYV/Ic=",
      "requires": {
        "@material/animation": "^6.0.0",
        "@material/base": "^6.0.0",
        "@material/dom": "^6.0.0",
        "@material/feature-targeting": "^6.0.0",
        "@material/theme": "^6.0.0",
        "tslib": "^1.9.3"
      }
    },
    "@material/rtl": {
      "version": "6.0.0",
      "resolved": "https://prekarilabs.jfrog.io/prekarilabs/api/npm/npm/@material/rtl/-/rtl-6.0.0.tgz",
      "integrity": "sha1-6BFBlK9y90lsovxbTuY5gcRvUGY="
    },
    "@material/select": {
      "version": "6.0.0",
      "resolved": "https://prekarilabs.jfrog.io/prekarilabs/api/npm/npm/@material/select/-/select-6.0.0.tgz",
      "integrity": "sha1-KmDSP8/eetXeVzyAm1xHqIMnRo8=",
      "requires": {
        "@material/animation": "^6.0.0",
        "@material/base": "^6.0.0",
        "@material/feature-targeting": "^6.0.0",
        "@material/floating-label": "^6.0.0",
        "@material/line-ripple": "^6.0.0",
        "@material/menu": "^6.0.0",
        "@material/menu-surface": "^6.0.0",
        "@material/notched-outline": "^6.0.0",
        "@material/ripple": "^6.0.0",
        "@material/rtl": "^6.0.0",
        "@material/shape": "^6.0.0",
        "@material/theme": "^6.0.0",
        "@material/typography": "^6.0.0",
        "tslib": "^1.9.3"
      }
    },
    "@material/shape": {
      "version": "6.0.0",
      "resolved": "https://prekarilabs.jfrog.io/prekarilabs/api/npm/npm/@material/shape/-/shape-6.0.0.tgz",
      "integrity": "sha1-rIFHCy/MFgy88vayzpM8BZgEb48=",
      "requires": {
        "@material/feature-targeting": "^6.0.0",
        "@material/rtl": "^6.0.0"
      }
    },
    "@material/slider": {
      "version": "6.0.0",
      "resolved": "https://prekarilabs.jfrog.io/prekarilabs/api/npm/npm/@material/slider/-/slider-6.0.0.tgz",
      "integrity": "sha1-fS+GoNUG0Sbqd+xGfk+owTPbZRI=",
      "requires": {
        "@material/animation": "^6.0.0",
        "@material/base": "^6.0.0",
        "@material/dom": "^6.0.0",
        "@material/feature-targeting": "^6.0.0",
        "@material/rtl": "^6.0.0",
        "@material/theme": "^6.0.0",
        "@material/typography": "^6.0.0",
        "tslib": "^1.9.3"
      }
    },
    "@material/snackbar": {
      "version": "6.0.0",
      "resolved": "https://prekarilabs.jfrog.io/prekarilabs/api/npm/npm/@material/snackbar/-/snackbar-6.0.0.tgz",
      "integrity": "sha1-YHrDX9ROxGrtOqR+x23oQRNRzfg=",
      "requires": {
        "@material/animation": "^6.0.0",
        "@material/base": "^6.0.0",
        "@material/button": "^6.0.0",
        "@material/dom": "^6.0.0",
        "@material/elevation": "^6.0.0",
        "@material/feature-targeting": "^6.0.0",
        "@material/icon-button": "^6.0.0",
        "@material/ripple": "^6.0.0",
        "@material/rtl": "^6.0.0",
        "@material/shape": "^6.0.0",
        "@material/theme": "^6.0.0",
        "@material/typography": "^6.0.0",
        "tslib": "^1.9.3"
      }
    },
    "@material/switch": {
      "version": "6.0.0",
      "resolved": "https://prekarilabs.jfrog.io/prekarilabs/api/npm/npm/@material/switch/-/switch-6.0.0.tgz",
      "integrity": "sha1-qCU+VP/30ZSOIv3XcM/KS5VmWxE=",
      "requires": {
        "@material/animation": "^6.0.0",
        "@material/base": "^6.0.0",
        "@material/density": "^6.0.0",
        "@material/dom": "^6.0.0",
        "@material/elevation": "^6.0.0",
        "@material/feature-targeting": "^6.0.0",
        "@material/ripple": "^6.0.0",
        "@material/rtl": "^6.0.0",
        "@material/theme": "^6.0.0",
        "tslib": "^1.9.3"
      }
    },
    "@material/tab": {
      "version": "6.0.0",
      "resolved": "https://prekarilabs.jfrog.io/prekarilabs/api/npm/npm/@material/tab/-/tab-6.0.0.tgz",
      "integrity": "sha1-I4ELmDvUJQ1zS6Bsz3OnmKMIv84=",
      "requires": {
        "@material/base": "^6.0.0",
        "@material/feature-targeting": "^6.0.0",
        "@material/ripple": "^6.0.0",
        "@material/rtl": "^6.0.0",
        "@material/tab-indicator": "^6.0.0",
        "@material/theme": "^6.0.0",
        "@material/typography": "^6.0.0",
        "tslib": "^1.9.3"
      }
    },
    "@material/tab-bar": {
      "version": "6.0.0",
      "resolved": "https://prekarilabs.jfrog.io/prekarilabs/api/npm/npm/@material/tab-bar/-/tab-bar-6.0.0.tgz",
      "integrity": "sha1-f7R3GR5h2/qXZf7ZELVoXQEpB8Q=",
      "requires": {
        "@material/animation": "^6.0.0",
        "@material/base": "^6.0.0",
        "@material/density": "^6.0.0",
        "@material/feature-targeting": "^6.0.0",
        "@material/tab": "^6.0.0",
        "@material/tab-scroller": "^6.0.0",
        "tslib": "^1.9.3"
      }
    },
    "@material/tab-indicator": {
      "version": "6.0.0",
      "resolved": "https://prekarilabs.jfrog.io/prekarilabs/api/npm/npm/@material/tab-indicator/-/tab-indicator-6.0.0.tgz",
      "integrity": "sha1-tUlH/xJLqlRGilHaZZkqCB7gNMI=",
      "requires": {
        "@material/animation": "^6.0.0",
        "@material/base": "^6.0.0",
        "@material/feature-targeting": "^6.0.0",
        "@material/theme": "^6.0.0",
        "tslib": "^1.9.3"
      }
    },
    "@material/tab-scroller": {
      "version": "6.0.0",
      "resolved": "https://prekarilabs.jfrog.io/prekarilabs/api/npm/npm/@material/tab-scroller/-/tab-scroller-6.0.0.tgz",
      "integrity": "sha1-UszZFy+0xz6MxSDdg2heFWR9//w=",
      "requires": {
        "@material/animation": "^6.0.0",
        "@material/base": "^6.0.0",
        "@material/dom": "^6.0.0",
        "@material/feature-targeting": "^6.0.0",
        "@material/tab": "^6.0.0",
        "tslib": "^1.9.3"
      }
    },
    "@material/textfield": {
      "version": "6.0.0",
      "resolved": "https://prekarilabs.jfrog.io/prekarilabs/api/npm/npm/@material/textfield/-/textfield-6.0.0.tgz",
      "integrity": "sha1-bWYVez/zf4TABDw7umXfSxxGSQI=",
      "requires": {
        "@material/animation": "^6.0.0",
        "@material/base": "^6.0.0",
        "@material/density": "^6.0.0",
        "@material/dom": "^6.0.0",
        "@material/feature-targeting": "^6.0.0",
        "@material/floating-label": "^6.0.0",
        "@material/line-ripple": "^6.0.0",
        "@material/notched-outline": "^6.0.0",
        "@material/ripple": "^6.0.0",
        "@material/rtl": "^6.0.0",
        "@material/shape": "^6.0.0",
        "@material/theme": "^6.0.0",
        "@material/typography": "^6.0.0",
        "tslib": "^1.9.3"
      }
    },
    "@material/theme": {
      "version": "6.0.0",
      "resolved": "https://prekarilabs.jfrog.io/prekarilabs/api/npm/npm/@material/theme/-/theme-6.0.0.tgz",
      "integrity": "sha1-Ndo0llc35VazVnC/5IMN4KbRq5o=",
      "requires": {
        "@material/feature-targeting": "^6.0.0"
      }
    },
    "@material/top-app-bar": {
      "version": "6.0.0",
      "resolved": "https://prekarilabs.jfrog.io/prekarilabs/api/npm/npm/@material/top-app-bar/-/top-app-bar-6.0.0.tgz",
      "integrity": "sha1-XHbSuOQQSALbfiiNw9H84UJekcY=",
      "requires": {
        "@material/animation": "^6.0.0",
        "@material/base": "^6.0.0",
        "@material/elevation": "^6.0.0",
        "@material/ripple": "^6.0.0",
        "@material/rtl": "^6.0.0",
        "@material/shape": "^6.0.0",
        "@material/theme": "^6.0.0",
        "@material/typography": "^6.0.0",
        "tslib": "^1.9.3"
      }
    },
    "@material/touch-target": {
      "version": "6.0.0",
      "resolved": "https://prekarilabs.jfrog.io/prekarilabs/api/npm/npm/@material/touch-target/-/touch-target-6.0.0.tgz",
      "integrity": "sha1-Ei66CXYWS97BibVsvsiOe8r8FsE=",
      "requires": {
        "@material/base": "^6.0.0",
        "@material/feature-targeting": "^6.0.0"
      }
    },
    "@material/typography": {
      "version": "6.0.0",
      "resolved": "https://prekarilabs.jfrog.io/prekarilabs/api/npm/npm/@material/typography/-/typography-6.0.0.tgz",
      "integrity": "sha1-AeP3qpuYrN7pEUed5FxzhrczTac=",
      "requires": {
        "@material/feature-targeting": "^6.0.0",
        "@material/theme": "^6.0.0"
      }
    },
    "@webcomponents/custom-elements": {
      "version": "1.4.3",
      "resolved": "https://prekarilabs.jfrog.io/prekarilabs/api/npm/npm/@webcomponents/custom-elements/-/custom-elements-1.4.3.tgz",
      "integrity": "sha1-GADUnzi7RCXr/RYLUBFeYndhCdc="
    },
    "core-js": {
      "version": "2.6.12",
      "resolved": "https://prekarilabs.jfrog.io/prekarilabs/api/npm/npm/core-js/-/core-js-2.6.12.tgz",
      "integrity": "sha1-2TM9+nsGXjR8xWgiGdb2kIWcwuw="
    },
    "focus-trap": {
      "version": "5.1.0",
      "resolved": "https://prekarilabs.jfrog.io/prekarilabs/api/npm/npm/focus-trap/-/focus-trap-5.1.0.tgz",
      "integrity": "sha1-ZKC/q9lcOCEDOX28lr/vOjz45a0=",
      "requires": {
        "tabbable": "^4.0.0",
        "xtend": "^4.0.1"
      }
    },
    "material-components-web": {
      "version": "6.0.0",
      "resolved": "https://prekarilabs.jfrog.io/prekarilabs/api/npm/npm/material-components-web/-/material-components-web-6.0.0.tgz",
      "integrity": "sha1-yuKSThbHf82ubV1HK8sCgKfj1ug=",
      "requires": {
        "@material/animation": "^6.0.0",
        "@material/auto-init": "^6.0.0",
        "@material/base": "^6.0.0",
        "@material/button": "^6.0.0",
        "@material/card": "^6.0.0",
        "@material/checkbox": "^6.0.0",
        "@material/chips": "^6.0.0",
        "@material/circular-progress": "^6.0.0",
        "@material/data-table": "^6.0.0",
        "@material/density": "^6.0.0",
        "@material/dialog": "^6.0.0",
        "@material/dom": "^6.0.0",
        "@material/drawer": "^6.0.0",
        "@material/elevation": "^6.0.0",
        "@material/fab": "^6.0.0",
        "@material/feature-targeting": "^6.0.0",
        "@material/floating-label": "^6.0.0",
        "@material/form-field": "^6.0.0",
        "@material/icon-button": "^6.0.0",
        "@material/image-list": "^6.0.0",
        "@material/layout-grid": "^6.0.0",
        "@material/line-ripple": "^6.0.0",
        "@material/linear-progress": "^6.0.0",
        "@material/list": "^6.0.0",
        "@material/menu": "^6.0.0",
        "@material/menu-surface": "^6.0.0",
        "@material/notched-outline": "^6.0.0",
        "@material/radio": "^6.0.0",
        "@material/ripple": "^6.0.0",
        "@material/rtl": "^6.0.0",
        "@material/select": "^6.0.0",
        "@material/shape": "^6.0.0",
        "@material/slider": "^6.0.0",
        "@material/snackbar": "^6.0.0",
        "@material/switch": "^6.0.0",
        "@material/tab": "^6.0.0",
        "@material/tab-bar": "^6.0.0",
        "@material/tab-indicator": "^6.0.0",
        "@material/tab-scroller": "^6.0.0",
        "@material/textfield": "^6.0.0",
        "@material/theme": "^6.0.0",
        "@material/top-app-bar": "^6.0.0",
        "@material/touch-target": "^6.0.0",
        "@material/typography": "^6.0.0"
      }
    },
    "material-components-web-elm": {
      "version": "6.0.0",
      "resolved": "https://prekarilabs.jfrog.io/prekarilabs/api/npm/npm/material-components-web-elm/-/material-components-web-elm-6.0.0.tgz",
      "integrity": "sha1-hSCXTpiFOrrhsPcNheyiq6Z0fOw=",
      "requires": {
        "@babel/runtime-corejs2": "^7.11.2",
        "@webcomponents/custom-elements": "^1.4.2",
        "focus-trap": "^5.0.0",
        "material-components-web": "6.0.0"
      }
    },
    "p5": {
      "version": "1.1.9",
      "resolved": "https://prekarilabs.jfrog.io/prekarilabs/api/npm/npm/p5/-/p5-1.1.9.tgz",
      "integrity": "sha1-szaSEA+ZG5kxKP2OMyTMVq2taLI="
    },
    "regenerator-runtime": {
      "version": "0.13.7",
      "resolved": "https://prekarilabs.jfrog.io/prekarilabs/api/npm/npm/regenerator-runtime/-/regenerator-runtime-0.13.7.tgz",
      "integrity": "sha1-ysLazIoepnX+qrrriugziYrkb1U="
    },
    "tabbable": {
      "version": "4.0.0",
      "resolved": "https://prekarilabs.jfrog.io/prekarilabs/api/npm/npm/tabbable/-/tabbable-4.0.0.tgz",
      "integrity": "sha1-W/8dETXfFILPDwIGQ08V6tvrkmE="
    },
    "tslib": {
      "version": "1.14.1",
      "resolved": "https://prekarilabs.jfrog.io/prekarilabs/api/npm/npm/tslib/-/tslib-1.14.1.tgz",
      "integrity": "sha1-zy04vcNKE0vK8QkcQfZhni9nLQA="
    },
    "xtend": {
      "version": "4.0.2",
      "resolved": "https://prekarilabs.jfrog.io/prekarilabs/api/npm/npm/xtend/-/xtend-4.0.2.tgz",
      "integrity": "sha1-u3J3n1+kZRhrH0OPZ0+jR/2121Q="
    }
  }
}
